
Microsoft Visual Studio Solution File, Format Version 12.00
# Visual Studio Version 16
VisualStudioVersion = 16.0.31205.134
MinimumVisualStudioVersion = 10.0.40219.1
Project("{9A19103F-16F7-4668-BE54-9A1E7A4F7556}") = "Shopiall", "Shopiall\Shopiall.csproj", "{0A2A4066-D4CE-403B-86DA-C2DF651270B2}"
EndProject
Project("{9A19103F-16F7-4668-BE54-9A1E7A4F7556}") = "Core", "Core\Core.csproj", "{815836DE-6988-4D46-A0A2-42F6BC59D70F}"
EndProject
Project("{FAE04EC0-301F-11D3-BF4B-00C04F79EFBC}") = "Infrastructure.Data", "Infrastructure.Data\Infrastructure.Data.csproj", "{9BC5516C-3AEA-4AB2-8364-99B4F1EEE217}"
EndProject
Global
	GlobalSection(SolutionConfigurationPlatforms) = preSolution
		Debug|Any CPU = Debug|Any CPU
		Release|Any CPU = Release|Any CPU
	EndGlobalSection
	GlobalSection(ProjectConfigurationPlatforms) = postSolution
		{0A2A4066-D4CE-403B-86DA-C2DF651270B2}.Debug|Any CPU.ActiveCfg = Debug|Any CPU
		{0A2A4066-D4CE-403B-86DA-C2DF651270B2}.Debug|Any CPU.Build.0 = Debug|Any CPU
		{0A2A4066-D4CE-403B-86DA-C2DF651270B2}.Release|Any CPU.ActiveCfg = Release|Any CPU
		{0A2A4066-D4CE-403B-86DA-C2DF651270B2}.Release|Any CPU.Build.0 = Release|Any CPU
		{815836DE-6988-4D46-A0A2-42F6BC59D70F}.Debug|Any CPU.ActiveCfg = Debug|Any CPU
		{815836DE-6988-4D46-A0A2-42F6BC59D70F}.Debug|Any CPU.Build.0 = Debug|Any CPU
		{815836DE-6988-4D46-A0A2-42F6BC59D70F}.Release|Any CPU.ActiveCfg = Release|Any CPU
		{815836DE-6988-4D46-A0A2-42F6BC59D70F}.Release|Any CPU.Build.0 = Release|Any CPU
		{9BC5516C-3AEA-4AB2-8364-99B4F1EEE217}.Debug|Any CPU.ActiveCfg = Debug|Any CPU
		{9BC5516C-3AEA-4AB2-8364-99B4F1EEE217}.Debug|Any CPU.Build.0 = Debug|Any CPU
		{9BC5516C-3AEA-4AB2-8364-99B4F1EEE217}.Release|Any CPU.ActiveCfg = Release|Any CPU
		{9BC5516C-3AEA-4AB2-8364-99B4F1EEE217}.Release|Any CPU.Build.0 = Release|Any CPU
	EndGlobalSection
	GlobalSection(SolutionProperties) = preSolution
		HideSolutionNode = FALSE
	EndGlobalSection
	GlobalSection(ExtensibilityGlobals) = postSolution
		SolutionGuid = {88430574-F7B7-458A-817C-1D4380ADF5F8}
	EndGlobalSection
EndGlobal
